{
  "nodes": {
    "inline-cmm": {
      "flake": false,
      "locked": {
        "lastModified": 1769277254,
        "narHash": "sha256-W9HzU6yGUb/vvmmW4uP+88cp97QcBsYDSTSgju4Q3qo=",
        "owner": "jhhuh",
        "repo": "inline-cmm",
        "rev": "231b3ea066dde052780b624d6e22c73eba6a356e",
        "type": "github"
      },
      "original": {
        "owner": "jhhuh",
        "repo": "inline-cmm",
        "type": "github"
      }
    },
    "nixpkgs": {
      "locked": {
        "lastModified": 1773507054,
        "narHash": "sha256-Q8U5VXgrcxmCxPtCCJCIZkcAX3FCZwGh1GNVIXxMND0=",
        "owner": "NixOS",
        "repo": "nixpkgs",
        "rev": "e80236013dc8b77aa49ca90e7a12d86f5d8d64c9",
        "type": "github"
      },
      "original": {
        "owner": "NixOS",
        "ref": "nixpkgs-unstable",
        "repo": "nixpkgs",
        "type": "github"
      }
    },
    "root": {
      "inputs": {
        "inline-cmm": "inline-cmm",
        "nixpkgs": "nixpkgs"
      }
    }
  },
  "root": "root",
  "version": 7
}
